
Microsoft Visual Studio Solution File, Format Version 12.00
# Visual Studio Version 16
VisualStudioVersion = 16.0.30503.244
MinimumVisualStudioVersion = 10.0.40219.1
Project("{9A19103F-16F7-4668-BE54-9A1E7A4F7556}") = "Cloud_Library_Client", "Cloud_Library_Client\Cloud_Library_Client.csproj", "{EE014465-71B9-4975-A133-9420043008F8}"
EndProject
Project("{9A19103F-16F7-4668-BE54-9A1E7A4F7556}") = "CloudLibrary", "CloudLibrary\CloudLibrary.csproj", "{41C9BEC2-A942-494B-A9D0-B4A9FE42E059}"
EndProject
Project("{FAE04EC0-301F-11D3-BF4B-00C04F79EFBC}") = "CloudLibrary.Tests", "CloudLibrary.Tests\CloudLibrary.Tests.csproj", "{AD9C0035-0474-4730-876B-F3D11B4DEB4F}"
EndProject
Global
	GlobalSection(SolutionConfigurationPlatforms) = preSolution
		Debug|Any CPU = Debug|Any CPU
		Release|Any CPU = Release|Any CPU
	EndGlobalSection
	GlobalSection(ProjectConfigurationPlatforms) = postSolution
		{EE014465-71B9-4975-A133-9420043008F8}.Debug|Any CPU.ActiveCfg = Debug|Any CPU
		{EE014465-71B9-4975-A133-9420043008F8}.Debug|Any CPU.Build.0 = Debug|Any CPU
		{EE014465-71B9-4975-A133-9420043008F8}.Release|Any CPU.ActiveCfg = Release|Any CPU
		{EE014465-71B9-4975-A133-9420043008F8}.Release|Any CPU.Build.0 = Release|Any CPU
		{41C9BEC2-A942-494B-A9D0-B4A9FE42E059}.Debug|Any CPU.ActiveCfg = Debug|Any CPU
		{41C9BEC2-A942-494B-A9D0-B4A9FE42E059}.Debug|Any CPU.Build.0 = Debug|Any CPU
		{41C9BEC2-A942-494B-A9D0-B4A9FE42E059}.Release|Any CPU.ActiveCfg = Release|Any CPU
		{41C9BEC2-A942-494B-A9D0-B4A9FE42E059}.Release|Any CPU.Build.0 = Release|Any CPU
		{AD9C0035-0474-4730-876B-F3D11B4DEB4F}.Debug|Any CPU.ActiveCfg = Debug|Any CPU
		{AD9C0035-0474-4730-876B-F3D11B4DEB4F}.Debug|Any CPU.Build.0 = Debug|Any CPU
		{AD9C0035-0474-4730-876B-F3D11B4DEB4F}.Release|Any CPU.ActiveCfg = Release|Any CPU
		{AD9C0035-0474-4730-876B-F3D11B4DEB4F}.Release|Any CPU.Build.0 = Release|Any CPU
	EndGlobalSection
	GlobalSection(SolutionProperties) = preSolution
		HideSolutionNode = FALSE
	EndGlobalSection
	GlobalSection(ExtensibilityGlobals) = postSolution
		SolutionGuid = {42ED5857-ADEB-48B0-A49D-EFDF41377C87}
	EndGlobalSection
EndGlobal
